// !$*UTF8*$!
{
	archiveVersion = 1;
	classes = {
	};
	objectVersion = 46;
	objects = {

/* Begin PBXBuildFile section */
		180929C21ED66DA100E0E6B9 /* main.m in Sources */ = {isa = PBXBuildFile; fileRef = 180929C11ED66DA100E0E6B9 /* main.m */; };
		180929C51ED66DA100E0E6B9 /* AppDelegate.m in Sources */ = {isa = PBXBuildFile; fileRef = 180929C41ED66DA100E0E6B9 /* AppDelegate.m */; };
		180929C81ED66DA100E0E6B9 /* ViewController.m in Sources */ = {isa = PBXBuildFile; fileRef = 180929C71ED66DA100E0E6B9 /* ViewController.m */; };
		180929CB1ED66DA100E0E6B9 /* Main.storyboard in Resources */ = {isa = PBXBuildFile; fileRef = 180929C91ED66DA100E0E6B9 /* Main.storyboard */; };
		180929CD1ED66DA100E0E6B9 /* Assets.xcassets in Resources */ = {isa = PBXBuildFile; fileRef = 180929CC1ED66DA100E0E6B9 /* Assets.xcassets */; };
		180929D01ED66DA100E0E6B9 /* LaunchScreen.storyboard in Resources */ = {isa = PBXBuildFile; fileRef = 180929CE1ED66DA100E0E6B9 /* LaunchScreen.storyboard */; };
		180929DB1ED66DA100E0E6B9 /* runtime__________Tests.m in Sources */ = {isa = PBXBuildFile; fileRef = 180929DA1ED66DA100E0E6B9 /* runtime__________Tests.m */; };
		180929E61ED66DA100E0E6B9 /* runtime__________UITests.m in Sources */ = {isa = PBXBuildFile; fileRef = 180929E51ED66DA100E0E6B9 /* runtime__________UITests.m */; };
		180929F51ED66DB000E0E6B9 /* Person.m in Sources */ = {isa = PBXBuildFile; fileRef = 180929F41ED66DB000E0E6B9 /* Person.m */; };
		180929FB1ED687D400E0E6B9 /* UIImage+Category.m in Sources */ = {isa = PBXBuildFile; fileRef = 180929FA1ED687D400E0E6B9 /* UIImage+Category.m */; };
/* End PBXBuildFile section */

/* Begin PBXContainerItemProxy section */
		180929D71ED66DA100E0E6B9 /* PBXContainerItemProxy */ = {
			isa = PBXContainerItemProxy;
			containerPortal = 180929B51ED66DA100E0E6B9 /* Project object */;
			proxyType = 1;
			remoteGlobalIDString = 180929BC1ED66DA100E0E6B9;
			remoteInfo = "runtime-拦截系统自带的方法";
		};
		180929E21ED66DA100E0E6B9 /* PBXContainerItemProxy */ = {
			isa = PBXContainerItemProxy;
			containerPortal = 180929B51ED66DA100E0E6B9 /* Project object */;
			proxyType = 1;
			remoteGlobalIDString = 180929BC1ED66DA100E0E6B9;
			remoteInfo = "runtime-拦截系统自带的方法";
		};
/* End PBXContainerItemProxy section */

/* Begin PBXFileReference section */
		180929BD1ED66DA100E0E6B9 /* runtime-拦截系统自带的方法.app */ = {isa = PBXFileReference; explicitFileType = wrapper.application; includeInIndex = 0; path = "runtime-拦截系统自带的方法.app"; sourceTree = BUILT_PRODUCTS_DIR; };
		180929C11ED66DA100E0E6B9 /* main.m */ = {isa = PBXFileReference; lastKnownFileType = sourcecode.c.objc; path = main.m; sourceTree = "<group>"; };
		180929C31ED66DA100E0E6B9 /* AppDelegate.h */ = {isa = PBXFileReference; lastKnownFileType = sourcecode.c.h; path = AppDelegate.h; sourceTree = "<group>"; };
		180929C41ED66DA100E0E6B9 /* AppDelegate.m */ = {isa = PBXFileReference; lastKnownFileType = sourcecode.c.objc; path = AppDelegate.m; sourceTree = "<group>"; };
		180929C61ED66DA100E0E6B9 /* ViewController.h */ = {isa = PBXFileReference; lastKnownFileType = sourcecode.c.h; path = ViewController.h; sourceTree = "<group>"; };
		180929C71ED66DA100E0E6B9 /* ViewController.m */ = {isa = PBXFileReference; lastKnownFileType = sourcecode.c.objc; path = ViewController.m; sourceTree = "<group>"; };
		180929CA1ED66DA100E0E6B9 /* Base */ = {isa = PBXFileReference; lastKnownFileType = file.storyboard; name = Base; path = Base.lproj/Main.storyboard; sourceTree = "<group>"; };
		180929CC1ED66DA100E0E6B9 /* Assets.xcassets */ = {isa = PBXFileReference; lastKnownFileType = folder.assetcatalog; path = Assets.xcassets; sourceTree = "<group>"; };
		180929CF1ED66DA100E0E6B9 /* Base */ = {isa = PBXFileReference; lastKnownFileType = file.storyboard; name = Base; path = Base.lproj/LaunchScreen.storyboard; sourceTree = "<group>"; };
		180929D11ED66DA100E0E6B9 /* Info.plist */ = {isa = PBXFileReference; lastKnownFileType = text.plist.xml; path = Info.plist; sourceTree = "<group>"; };
		180929D61ED66DA100E0E6B9 /* runtime-拦截系统自带的方法Tests.xctest */ = {isa = PBXFileReference; explicitFileType = wrapper.cfbundle; includeInIndex = 0; path = "runtime-拦截系统自带的方法Tests.xctest"; sourceTree = BUILT_PRODUCTS_DIR; };
		180929DA1ED66DA100E0E6B9 /* runtime__________Tests.m */ = {isa = PBXFileReference; lastKnownFileType = sourcecode.c.objc; path = "runtime__________Tests.m"; sourceTree = "<group>"; };
		180929DC1ED66DA100E0E6B9 /* Info.plist */ = {isa = PBXFileReference; lastKnownFileType = text.plist.xml; path = Info.plist; sourceTree = "<group>"; };
		180929E11ED66DA100E0E6B9 /* runtime-拦截系统自带的方法UITests.xctest */ = {isa = PBXFileReference; explicitFileType = wrapper.cfbundle; includeInIndex = 0; path = "runtime-拦截系统自带的方法UITests.xctest"; sourceTree = BUILT_PRODUCTS_DIR; };
		180929E51ED66DA100E0E6B9 /* runtime__________UITests.m */ = {isa = PBXFileReference; lastKnownFileType = sourcecode.c.objc; path = "runtime__________UITests.m"; sourceTree = "<group>"; };
		180929E71ED66DA100E0E6B9 /* Info.plist */ = {isa = PBXFileReference; lastKnownFileType = text.plist.xml; path = Info.plist; sourceTree = "<group>"; };
		180929F31ED66DB000E0E6B9 /* Person.h */ = {isa = PBXFileReference; fileEncoding = 4; lastKnownFileType = sourcecode.c.h; path = Person.h; sourceTree = "<group>"; };
		180929F41ED66DB000E0E6B9 /* Person.m */ = {isa = PBXFileReference; fileEncoding = 4; lastKnownFileType = sourcecode.c.objc; path = Person.m; sourceTree = "<group>"; };
		180929F91ED687D400E0E6B9 /* UIImage+Category.h */ = {isa = PBXFileReference; fileEncoding = 4; lastKnownFileType = sourcecode.c.h; path = "UIImage+Category.h"; sourceTree = "<group>"; };
		180929FA1ED687D400E0E6B9 /* UIImage+Category.m */ = {isa = PBXFileReference; fileEncoding = 4; lastKnownFileType = sourcecode.c.objc; path = "UIImage+Category.m"; sourceTree = "<group>"; };
/* End PBXFileReference section */

/* Begin PBXFrameworksBuildPhase section */
		180929BA1ED66DA100E0E6B9 /* Frameworks */ = {
			isa = PBXFrameworksBuildPhase;
			buildActionMask = 2147483647;
			files = (
			);
			runOnlyForDeploymentPostprocessing = 0;
		};
		180929D31ED66DA100E0E6B9 /* Frameworks */ = {
			isa = PBXFrameworksBuildPhase;
			buildActionMask = 2147483647;
			files = (
			);
			runOnlyForDeploymentPostprocessing = 0;
		};
		180929DE1ED66DA100E0E6B9 /* Frameworks */ = {
			isa = PBXFrameworksBuildPhase;
			buildActionMask = 2147483647;
			files = (
			);
			runOnlyForDeploymentPostprocessing = 0;
		};
/* End PBXFrameworksBuildPhase section */

/* Begin PBXGroup section */
		180929B41ED66DA100E0E6B9 = {
			isa = PBXGroup;
			children = (
				180929BF1ED66DA100E0E6B9 /* runtime-拦截系统自带的方法 */,
				180929D91ED66DA100E0E6B9 /* runtime-拦截系统自带的方法Tests */,
				180929E41ED66DA100E0E6B9 /* runtime-拦截系统自带的方法UITests */,
				180929BE1ED66DA100E0E6B9 /* Products */,
			);
			sourceTree = "<group>";
		};
		180929BE1ED66DA100E0E6B9 /* Products */ = {
			isa = PBXGroup;
			children = (
				180929BD1ED66DA100E0E6B9 /* runtime-拦截系统自带的方法.app */,
				180929D61ED66DA100E0E6B9 /* runtime-拦截系统自带的方法Tests.xctest */,
				180929E11ED66DA100E0E6B9 /* runtime-拦截系统自带的方法UITests.xctest */,
			);
			name = Products;
			sourceTree = "<group>";
		};
		180929BF1ED66DA100E0E6B9 /* runtime-拦截系统自带的方法 */ = {
			isa = PBXGroup;
			children = (
				180929C31ED66DA100E0E6B9 /* AppDelegate.h */,
				180929C41ED66DA100E0E6B9 /* AppDelegate.m */,
				180929C61ED66DA100E0E6B9 /* ViewController.h */,
				180929C71ED66DA100E0E6B9 /* ViewController.m */,
				180929F31ED66DB000E0E6B9 /* Person.h */,
				180929F41ED66DB000E0E6B9 /* Person.m */,
				180929F91ED687D400E0E6B9 /* UIImage+Category.h */,
				180929FA1ED687D400E0E6B9 /* UIImage+Category.m */,
				180929C91ED66DA100E0E6B9 /* Main.storyboard */,
				180929CC1ED66DA100E0E6B9 /* Assets.xcassets */,
				180929CE1ED66DA100E0E6B9 /* LaunchScreen.storyboard */,
				180929D11ED66DA100E0E6B9 /* Info.plist */,
				180929C01ED66DA100E0E6B9 /* Supporting Files */,
			);
			path = "runtime-拦截系统自带的方法";
			sourceTree = "<group>";
		};
		180929C01ED66DA100E0E6B9 /* Supporting Files */ = {
			isa = PBXGroup;
			children = (
				180929C11ED66DA100E0E6B9 /* main.m */,
			);
			name = "Supporting Files";
			sourceTree = "<group>";
		};
		180929D91ED66DA100E0E6B9 /* runtime-拦截系统自带的方法Tests */ = {
			isa = PBXGroup;
			children = (
				180929DA1ED66DA100E0E6B9 /* runtime__________Tests.m */,
				180929DC1ED66DA100E0E6B9 /* Info.plist */,
			);
			path = "runtime-拦截系统自带的方法Tests";
			sourceTree = "<group>";
		};
		180929E41ED66DA100E0E6B9 /* runtime-拦截系统自带的方法UITests */ = {
			isa = PBXGroup;
			children = (
				180929E51ED66DA100E0E6B9 /* runtime__________UITests.m */,
				180929E71ED66DA100E0E6B9 /* Info.plist */,
			);
			path = "runtime-拦截系统自带的方法UITests";
			sourceTree = "<group>";
		};
/* End PBXGroup section */

/* Begin PBXNativeTarget section */
		180929BC1ED66DA100E0E6B9 /* runtime-拦截系统自带的方法 */ = {
			isa = PBXNativeTarget;
			buildConfigurationList = 180929EA1ED66DA200E0E6B9 /* Build configuration list for PBXNativeTarget "runtime-拦截系统自带的方法" */;
			buildPhases = (
				180929B91ED66DA100E0E6B9 /* Sources */,
				180929BA1ED66DA100E0E6B9 /* Frameworks */,
				180929BB1ED66DA100E0E6B9 /* Resources */,
			);
			buildRules = (
			);
			dependencies = (
			);
			name = "runtime-拦截系统自带的方法";
			productName = "runtime-拦截系统自带的方法";
			productReference = 180929BD1ED66DA100E0E6B9 /* runtime-拦截系统自带的方法.app */;
			productType = "com.apple.product-type.application";
		};
		180929D51ED66DA100E0E6B9 /* runtime-拦截系统自带的方法Tests */ = {
			isa = PBXNativeTarget;
			buildConfigurationList = 180929ED1ED66DA200E0E6B9 /* Build configuration list for PBXNativeTarget "runtime-拦截系统自带的方法Tests" */;
			buildPhases = (
				180929D21ED66DA100E0E6B9 /* Sources */,
				180929D31ED66DA100E0E6B9 /* Frameworks */,
				180929D41ED66DA100E0E6B9 /* Resources */,
			);
			buildRules = (
			);
			dependencies = (
				180929D81ED66DA100E0E6B9 /* PBXTargetDependency */,
			);
			name = "runtime-拦截系统自带的方法Tests";
			productName = "runtime-拦截系统自带的方法Tests";
			productReference = 180929D61ED66DA100E0E6B9 /* runtime-拦截系统自带的方法Tests.xctest */;
			productType = "com.apple.product-type.bundle.unit-test";
		};
		180929E01ED66DA100E0E6B9 /* runtime-拦截系统自带的方法UITests */ = {
			isa = PBXNativeTarget;
			buildConfigurationList = 180929F01ED66DA200E0E6B9 /* Build configuration list for PBXNativeTarget "runtime-拦截系统自带的方法UITests" */;
			buildPhases = (
				180929DD1ED66DA100E0E6B9 /* Sources */,
				180929DE1ED66DA100E0E6B9 /* Frameworks */,
				180929DF1ED66DA100E0E6B9 /* Resources */,
			);
			buildRules = (
			);
			dependencies = (
				180929E31ED66DA100E0E6B9 /* PBXTargetDependency */,
			);
			name = "runtime-拦截系统自带的方法UITests";
			productName = "runtime-拦截系统自带的方法UITests";
			productReference = 180929E11ED66DA100E0E6B9 /* runtime-拦截系统自带的方法UITests.xctest */;
			productType = "com.apple.product-type.bundle.ui-testing";
		};
/* End PBXNativeTarget section */

/* Begin PBXProject section */
		180929B51ED66DA100E0E6B9 /* Project object */ = {
			isa = PBXProject;
			attributes = {
				LastUpgradeCheck = 0830;
				ORGANIZATIONNAME = baixinxueche;
				TargetAttributes = {
					180929BC1ED66DA100E0E6B9 = {
						CreatedOnToolsVersion = 8.3.2;
						DevelopmentTeam = QMFH4Q7X93;
						ProvisioningStyle = Automatic;
					};
					180929D51ED66DA100E0E6B9 = {
						CreatedOnToolsVersion = 8.3.2;
						DevelopmentTeam = QMFH4Q7X93;
						ProvisioningStyle = Automatic;
						TestTargetID = 180929BC1ED66DA100E0E6B9;
					};
					180929E01ED66DA100E0E6B9 = {
						CreatedOnToolsVersion = 8.3.2;
						DevelopmentTeam = QMFH4Q7X93;
						ProvisioningStyle = Automatic;
						TestTargetID = 180929BC1ED66DA100E0E6B9;
					};
				};
			};
			buildConfigurationList = 180929B81ED66DA100E0E6B9 /* Build configuration list for PBXProject "runtime-拦截系统自带的方法" */;
			compatibilityVersion = "Xcode 3.2";
			developmentRegion = English;
			hasScannedForEncodings = 0;
			knownRegions = (
				en,
				Base,
			);
			mainGroup = 180929B41ED66DA100E0E6B9;
			productRefGroup = 180929BE1ED66DA100E0E6B9 /* Products */;
			projectDirPath = "";
			projectRoot = "";
			targets = (
				180929BC1ED66DA100E0E6B9 /* runtime-拦截系统自带的方法 */,
				180929D51ED66DA100E0E6B9 /* runtime-拦截系统自带的方法Tests */,
				180929E01ED66DA100E0E6B9 /* runtime-拦截系统自带的方法UITests */,
			);
		};
/* End PBXProject section */

/* Begin PBXResourcesBuildPhase section */
		180929BB1ED66DA100E0E6B9 /* Resources */ = {
			isa = PBXResourcesBuildPhase;
			buildActionMask = 2147483647;
			files = (
				180929D01ED66DA100E0E6B9 /* LaunchScreen.storyboard in Resources */,
				180929CD1ED66DA100E0E6B9 /* Assets.xcassets in Resources */,
				180929CB1ED66DA100E0E6B9 /* Main.storyboard in Resources */,
			);
			runOnlyForDeploymentPostprocessing = 0;
		};
		180929D41ED66DA100E0E6B9 /* Resources */ = {
			isa = PBXResourcesBuildPhase;
			buildActionMask = 2147483647;
			files = (
			);
			runOnlyForDeploymentPostprocessing = 0;
		};
		180929DF1ED66DA100E0E6B9 /* Resources */ = {
			isa = PBXResourcesBuildPhase;
			buildActionMask = 2147483647;
			files = (
			);
			runOnlyForDeploymentPostprocessing = 0;
		};
/* End PBXResourcesBuildPhase section */

/* Begin PBXSourcesBuildPhase section */
		180929B91ED66DA100E0E6B9 /* Sources */ = {
			isa = PBXSourcesBuildPhase;
			buildActionMask = 2147483647;
			files = (
				180929C81ED66DA100E0E6B9 /* ViewController.m in Sources */,
				180929C51ED66DA100E0E6B9 /* AppDelegate.m in Sources */,
				180929F51ED66DB000E0E6B9 /* Person.m in Sources */,
				180929C21ED66DA100E0E6B9 /* main.m in Sources */,
				180929FB1ED687D400E0E6B9 /* UIImage+Category.m in Sources */,
			);
			runOnlyForDeploymentPostprocessing = 0;
		};
		180929D21ED66DA100E0E6B9 /* Sources */ = {
			isa = PBXSourcesBuildPhase;
			buildActionMask = 2147483647;
			files = (
				180929DB1ED66DA100E0E6B9 /* runtime__________Tests.m in Sources */,
			);
			runOnlyForDeploymentPostprocessing = 0;
		};
		180929DD1ED66DA100E0E6B9 /* Sources */ = {
			isa = PBXSourcesBuildPhase;
			buildActionMask = 2147483647;
			files = (
				180929E61ED66DA100E0E6B9 /* runtime__________UITests.m in Sources */,
			);
			runOnlyForDeploymentPostprocessing = 0;
		};
/* End PBXSourcesBuildPhase section */

/* Begin PBXTargetDependency section */
		180929D81ED66DA100E0E6B9 /* PBXTargetDependency */ = {
			isa = PBXTargetDependency;
			target = 180929BC1ED66DA100E0E6B9 /* runtime-拦截系统自带的方法 */;
			targetProxy = 180929D71ED66DA100E0E6B9 /* PBXContainerItemProxy */;
		};
		180929E31ED66DA100E0E6B9 /* PBXTargetDependency */ = {
			isa = PBXTargetDependency;
			target = 180929BC1ED66DA100E0E6B9 /* runtime-拦截系统自带的方法 */;
			targetProxy = 180929E21ED66DA100E0E6B9 /* PBXContainerItemProxy */;
		};
/* End PBXTargetDependency section */

/* Begin PBXVariantGroup section */
		180929C91ED66DA100E0E6B9 /* Main.storyboard */ = {
			isa = PBXVariantGroup;
			children = (
				180929CA1ED66DA100E0E6B9 /* Base */,
			);
			name = Main.storyboard;
			sourceTree = "<group>";
		};
		180929CE1ED66DA100E0E6B9 /* LaunchScreen.storyboard */ = {
			isa = PBXVariantGroup;
			children = (
				180929CF1ED66DA100E0E6B9 /* Base */,
			);
			name = LaunchScreen.storyboard;
			sourceTree = "<group>";
		};
/* End PBXVariantGroup section */

/* Begin XCBuildConfiguration section */
		180929E81ED66DA200E0E6B9 /* Debug */ = {
			isa = XCBuildConfiguration;
			buildSettings = {
				ALWAYS_SEARCH_USER_PATHS = NO;
				CLANG_ANALYZER_NONNULL = YES;
				CLANG_ANALYZER_NUMBER_OBJECT_CONVERSION = YES_AGGRESSIVE;
				CLANG_CXX_LANGUAGE_STANDARD = "gnu++0x";
				CLANG_CXX_LIBRARY = "libc++";
				CLANG_ENABLE_MODULES = YES;
				CLANG_ENABLE_OBJC_ARC = YES;
				CLANG_WARN_BOOL_CONVERSION = YES;
				CLANG_WARN_CONSTANT_CONVERSION = YES;
				CLANG_WARN_DIRECT_OBJC_ISA_USAGE = YES_ERROR;
				CLANG_WARN_DOCUMENTATION_COMMENTS = YES;
				CLANG_WARN_EMPTY_BODY = YES;
				CLANG_WARN_ENUM_CONVERSION = YES;
				CLANG_WARN_INFINITE_RECURSION = YES;
				CLANG_WARN_INT_CONVERSION = YES;
				CLANG_WARN_OBJC_ROOT_CLASS = YES_ERROR;
				CLANG_WARN_SUSPICIOUS_MOVE = YES;
				CLANG_WARN_UNREACHABLE_CODE = YES;
				CLANG_WARN__DUPLICATE_METHOD_MATCH = YES;
				"CODE_SIGN_IDENTITY[sdk=iphoneos*]" = "iPhone Developer";
				COPY_PHASE_STRIP = NO;
				DEBUG_INFORMATION_FORMAT = dwarf;
				ENABLE_STRICT_OBJC_MSGSEND = YES;
				ENABLE_TESTABILITY = YES;
				GCC_C_LANGUAGE_STANDARD = gnu99;
				GCC_DYNAMIC_NO_PIC = NO;
				GCC_NO_COMMON_BLOCKS = YES;
				GCC_OPTIMIZATION_LEVEL = 0;
				GCC_PREPROCESSOR_DEFINITIONS = (
					"DEBUG=1",
					"$(inherited)",
				);
				GCC_WARN_64_TO_32_BIT_CONVERSION = YES;
				GCC_WARN_ABOUT_RETURN_TYPE = YES_ERROR;
				GCC_WARN_UNDECLARED_SELECTOR = YES;
				GCC_WARN_UNINITIALIZED_AUTOS = YES_AGGRESSIVE;
				GCC_WARN_UNUSED_FUNCTION = YES;
				GCC_WARN_UNUSED_VARIABLE = YES;
				IPHONEOS_DEPLOYMENT_TARGET = 10.3;
				MTL_ENABLE_DEBUG_INFO = YES;
				ONLY_ACTIVE_ARCH = YES;
				SDKROOT = iphoneos;
			};
			name = Debug;
		};
		180929E91ED66DA200E0E6B9 /* Release */ = {
			isa = XCBuildConfiguration;
			buildSettings = {
				ALWAYS_SEARCH_USER_PATHS = NO;
				CLANG_ANALYZER_NONNULL = YES;
				CLANG_ANALYZER_NUMBER_OBJECT_CONVERSION = YES_AGGRESSIVE;
				CLANG_CXX_LANGUAGE_STANDARD = "gnu++0x";
				CLANG_CXX_LIBRARY = "libc++";
				CLANG_ENABLE_MODULES = YES;
				CLANG_ENABLE_OBJC_ARC = YES;
				CLANG_WARN_BOOL_CONVERSION = YES;
				CLANG_WARN_CONSTANT_CONVERSION = YES;
				CLANG_WARN_DIRECT_OBJC_ISA_USAGE = YES_ERROR;
				CLANG_WARN_DOCUMENTATION_COMMENTS = YES;
				CLANG_WARN_EMPTY_BODY = YES;
				CLANG_WARN_ENUM_CONVERSION = YES;
				CLANG_WARN_INFINITE_RECURSION = YES;
				CLANG_WARN_INT_CONVERSION = YES;
				CLANG_WARN_OBJC_ROOT_CLASS = YES_ERROR;
				CLANG_WARN_SUSPICIOUS_MOVE = YES;
				CLANG_WARN_UNREACHABLE_CODE = YES;
				CLANG_WARN__DUPLICATE_METHOD_MATCH = YES;
				"CODE_SIGN_IDENTITY[sdk=iphoneos*]" = "iPhone Developer";
				COPY_PHASE_STRIP = NO;
				DEBUG_INFORMATION_FORMAT = "dwarf-with-dsym";
				ENABLE_NS_ASSERTIONS = NO;
				ENABLE_STRICT_OBJC_MSGSEND = YES;
				GCC_C_LANGUAGE_STANDARD = gnu99;
				GCC_NO_COMMON_BLOCKS = YES;
				GCC_WARN_64_TO_32_BIT_CONVERSION = YES;
				GCC_WARN_ABOUT_RETURN_TYPE = YES_ERROR;
				GCC_WARN_UNDECLARED_SELECTOR = YES;
				GCC_WARN_UNINITIALIZED_AUTOS = YES_AGGRESSIVE;
				GCC_WARN_UNUSED_FUNCTION = YES;
				GCC_WARN_UNUSED_VARIABLE = YES;
				IPHONEOS_DEPLOYMENT_TARGET = 10.3;
				MTL_ENABLE_DEBUG_INFO = NO;
				SDKROOT = iphoneos;
				VALIDATE_PRODUCT = YES;
			};
			name = Release;
		};
		180929EB1ED66DA200E0E6B9 /* Debug */ = {
			isa = XCBuildConfiguration;
			buildSettings = {
				ASSETCATALOG_COMPILER_APPICON_NAME = AppIcon;
				DEVELOPMENT_TEAM = QMFH4Q7X93;
				INFOPLIST_FILE = "runtime-拦截系统自带的方法/Info.plist";
				LD_RUNPATH_SEARCH_PATHS = "$(inherited) @executable_path/Frameworks";
				PRODUCT_BUNDLE_IDENTIFIER = "baixinxueche.com.runtime----------";
				PRODUCT_NAME = "$(TARGET_NAME)";
			};
			name = Debug;
		};
		180929EC1ED66DA200E0E6B9 /* Release */ = {
			isa = XCBuildConfiguration;
			buildSettings = {
				ASSETCATALOG_COMPILER_APPICON_NAME = AppIcon;
				DEVELOPMENT_TEAM = QMFH4Q7X93;
				INFOPLIST_FILE = "runtime-拦截系统自带的方法/Info.plist";
				LD_RUNPATH_SEARCH_PATHS = "$(inherited) @executable_path/Frameworks";
				PRODUCT_BUNDLE_IDENTIFIER = "baixinxueche.com.runtime----------";
				PRODUCT_NAME = "$(TARGET_NAME)";
			};
			name = Release;
		};
		180929EE1ED66DA200E0E6B9 /* Debug */ = {
			isa = XCBuildConfiguration;
			buildSettings = {
				BUNDLE_LOADER = "$(TEST_HOST)";
				DEVELOPMENT_TEAM = QMFH4Q7X93;
				INFOPLIST_FILE = "runtime-拦截系统自带的方法Tests/Info.plist";
				LD_RUNPATH_SEARCH_PATHS = "$(inherited) @executable_path/Frameworks @loader_path/Frameworks";
				PRODUCT_BUNDLE_IDENTIFIER = "baixinxueche.com.runtime----------Tests";
				PRODUCT_NAME = "$(TARGET_NAME)";
				TEST_HOST = "$(BUILT_PRODUCTS_DIR)/runtime-拦截系统自带的方法.app/runtime-拦截系统自带的方法";
			};
			name = Debug;
		};
		180929EF1ED66DA200E0E6B9 /* Release */ = {
			isa = XCBuildConfiguration;
			buildSettings = {
				BUNDLE_LOADER = "$(TEST_HOST)";
				DEVELOPMENT_TEAM = QMFH4Q7X93;
				INFOPLIST_FILE = "runtime-拦截系统自带的方法Tests/Info.plist";
				LD_RUNPATH_SEARCH_PATHS = "$(inherited) @executable_path/Frameworks @loader_path/Frameworks";
				PRODUCT_BUNDLE_IDENTIFIER = "baixinxueche.com.runtime----------Tests";
				PRODUCT_NAME = "$(TARGET_NAME)";
				TEST_HOST = "$(BUILT_PRODUCTS_DIR)/runtime-拦截系统自带的方法.app/runtime-拦截系统自带的方法";
			};
			name = Release;
		};
		180929F11ED66DA200E0E6B9 /* Debug */ = {
			isa = XCBuildConfiguration;
			buildSettings = {
				DEVELOPMENT_TEAM = QMFH4Q7X93;
				INFOPLIST_FILE = "runtime-拦截系统自带的方法UITests/Info.plist";
				LD_RUNPATH_SEARCH_PATHS = "$(inherited) @executable_path/Frameworks @loader_path/Frameworks";
				PRODUCT_BUNDLE_IDENTIFIER = "baixinxueche.com.runtime----------UITests";
				PRODUCT_NAME = "$(TARGET_NAME)";
				TEST_TARGET_NAME = "runtime-拦截系统自带的方法";
			};
			name = Debug;
		};
		180929F21ED66DA200E0E6B9 /* Release */ = {
			isa = XCBuildConfiguration;
			buildSettings = {
				DEVELOPMENT_TEAM = QMFH4Q7X93;
				INFOPLIST_FILE = "runtime-拦截系统自带的方法UITests/Info.plist";
				LD_RUNPATH_SEARCH_PATHS = "$(inherited) @executable_path/Frameworks @loader_path/Frameworks";
				PRODUCT_BUNDLE_IDENTIFIER = "baixinxueche.com.runtime----------UITests";
				PRODUCT_NAME = "$(TARGET_NAME)";
				TEST_TARGET_NAME = "runtime-拦截系统自带的方法";
			};
			name = Release;
		};
/* End XCBuildConfiguration section */

/* Begin XCConfigurationList section */
		180929B81ED66DA100E0E6B9 /* Build configuration list for PBXProject "runtime-拦截系统自带的方法" */ = {
			isa = XCConfigurationList;
			buildConfigurations = (
				180929E81ED66DA200E0E6B9 /* Debug */,
				180929E91ED66DA200E0E6B9 /* Release */,
			);
			defaultConfigurationIsVisible = 0;
			defaultConfigurationName = Release;
		};
		180929EA1ED66DA200E0E6B9 /* Build configuration list for PBXNativeTarget "runtime-拦截系统自带的方法" */ = {
			isa = XCConfigurationList;
			buildConfigurations = (
				180929EB1ED66DA200E0E6B9 /* Debug */,
				180929EC1ED66DA200E0E6B9 /* Release */,
			);
			defaultConfigurationIsVisible = 0;
		};
		180929ED1ED66DA200E0E6B9 /* Build configuration list for PBXNativeTarget "runtime-拦截系统自带的方法Tests" */ = {
			isa = XCConfigurationList;
			buildConfigurations = (
				180929EE1ED66DA200E0E6B9 /* Debug */,
				180929EF1ED66DA200E0E6B9 /* Release */,
			);
			defaultConfigurationIsVisible = 0;
		};
		180929F01ED66DA200E0E6B9 /* Build configuration list for PBXNativeTarget "runtime-拦截系统自带的方法UITests" */ = {
			isa = XCConfigurationList;
			buildConfigurations = (
				180929F11ED66DA200E0E6B9 /* Debug */,
				180929F21ED66DA200E0E6B9 /* Release */,
			);
			defaultConfigurationIsVisible = 0;
		};
/* End XCConfigurationList section */
	};
	rootObject = 180929B51ED66DA100E0E6B9 /* Project object */;
}
